{
  "name": "slop-games",
  "version": "1.0.0",
  "lockfileVersion": 3,
  "requires": true,
  "packages": {
    "": {
      "name": "slop-games",
      "version": "1.0.0",
      "license": "MIT",
      "workspaces": [
        "lib",
        "games/*"
      ]
    },
    "games/animais-vs-monstros": {
      "version": "1.0.0",
      "license": "MIT",
      "dependencies": {
        "slopkit": "*"
      },
      "devDependencies": {
        "esbuild": "^0.28.1"
      }
    },
    "games/chuva-de-ferro": {
      "version": "1.0.0",
      "license": "MIT",
      "dependencies": {
        "slopkit": "*"
      }
    },
    "games/dez-classicos": {
      "version": "1.0.0",
      "license": "MIT",
      "dependencies": {
        "slopkit": "*"
      }
    },
    "games/fortaleza-infinita": {
      "version": "1.0.0",
      "license": "MIT",
      "dependencies": {
        "slopkit": "*"
      }
    },
    "games/guerra-de-bandeiras": {
      "version": "1.0.0",
      "license": "MIT",
      "dependencies": {
        "slopkit": "*"
      }
    },
    "games/reis-e-engrenagens": {
      "version": "1.0.0",
      "license": "MIT",
      "dependencies": {
        "slopkit": "*"
      }
    },
    "games/skifree3d": {
      "version": "1.0.0",
      "license": "MIT",
      "dependencies": {
        "slopkit": "*"
      }
    },
    "games/ultima-colheita": {
      "version": "1.0.0",
      "license": "MIT",
      "dependencies": {
        "slopkit": "*"
      }
    },
    "games/worlddrive": {
      "version": "1.0.0",
      "license": "ISC",
      "dependencies": {
        "slopkit": "*",
        "three": "^0.185.1"
      },
      "devDependencies": {
        "esbuild": "^0.28.1"
      }
    },
    "games/zoo-magnata": {
      "version": "1.0.0",
      "license": "MIT",
      "dependencies": {
        "slopkit": "*"
      }
    },
    "lib": {
      "name": "slopkit",
      "version": "1.0.0",
      "license": "MIT",
      "dependencies": {
        "esbuild": "^0.28.1"
      }
    },
    "node_modules/@esbuild/linux-x64": {
      "version": "0.28.2",
      "cpu": [
        "x64"
      ],
      "license": "MIT",
      "optional": true,
      "os": [
        "linux"
      ],
      "engines": {
        "node": ">=18"
      }
    },
    "node_modules/animais-vs-monstros": {
      "resolved": "games/animais-vs-monstros",
      "link": true
    },
    "node_modules/chuva-de-ferro": {
      "resolved": "games/chuva-de-ferro",
      "link": true
    },
    "node_modules/dez-classicos": {
      "resolved": "games/dez-classicos",
      "link": true
    },
    "node_modules/esbuild": {
      "version": "0.28.2",
      "hasInstallScript": true,
      "license": "MIT",
      "bin": {
        "esbuild": "bin/esbuild"
      },
      "engines": {
        "node": ">=18"
      },
      "optionalDependencies": {
        "@esbuild/aix-ppc64": "0.28.2",
        "@esbuild/android-arm": "0.28.2",
        "@esbuild/android-arm64": "0.28.2",
        "@esbuild/android-x64": "0.28.2",
        "@esbuild/darwin-arm64": "0.28.2",
        "@esbuild/darwin-x64": "0.28.2",
        "@esbuild/freebsd-arm64": "0.28.2",
        "@esbuild/freebsd-x64": "0.28.2",
        "@esbuild/linux-arm": "0.28.2",
        "@esbuild/linux-arm64": "0.28.2",
        "@esbuild/linux-ia32": "0.28.2",
        "@esbuild/linux-loong64": "0.28.2",
        "@esbuild/linux-mips64el": "0.28.2",
        "@esbuild/linux-ppc64": "0.28.2",
        "@esbuild/linux-riscv64": "0.28.2",
        "@esbuild/linux-s390x": "0.28.2",
        "@esbuild/linux-x64": "0.28.2",
        "@esbuild/netbsd-arm64": "0.28.2",
        "@esbuild/netbsd-x64": "0.28.2",
        "@esbuild/openbsd-arm64": "0.28.2",
        "@esbuild/openbsd-x64": "0.28.2",
        "@esbuild/openharmony-arm64": "0.28.2",
        "@esbuild/sunos-x64": "0.28.2",
        "@esbuild/win32-arm64": "0.28.2",
        "@esbuild/win32-ia32": "0.28.2",
        "@esbuild/win32-x64": "0.28.2"
      }
    },
    "node_modules/fortaleza-infinita": {
      "resolved": "games/fortaleza-infinita",
      "link": true
    },
    "node_modules/guerra-de-bandeiras": {
      "resolved": "games/guerra-de-bandeiras",
      "link": true
    },
    "node_modules/reis-e-engrenagens": {
      "resolved": "games/reis-e-engrenagens",
      "link": true
    },
    "node_modules/skifree3d": {
      "resolved": "games/skifree3d",
      "link": true
    },
    "node_modules/slopkit": {
      "resolved": "lib",
      "link": true
    },
    "node_modules/three": {
      "version": "0.185.1",
      "license": "MIT"
    },
    "node_modules/ultima-colheita": {
      "resolved": "games/ultima-colheita",
      "link": true
    },
    "node_modules/worlddrive": {
      "resolved": "games/worlddrive",
      "link": true
    },
    "node_modules/zoo-magnata": {
      "resolved": "games/zoo-magnata",
      "link": true
    }
  }
}
